
Microsoft Visual Studio Solution File, Format Version 12.00
# Visual Studio Version 17
VisualStudioVersion = 17.14.36301.6 d17.14
MinimumVisualStudioVersion = 10.0.40219.1
Project("{FAE04EC0-301F-11D3-BF4B-00C04F79EFBC}") = "DyingMessage", "DyingMessage\DyingMessage.csproj", "{EDA4C135-1E4E-4856-8496-18A515FD8AF8}"
EndProject
Global
	GlobalSection(SolutionConfigurationPlatforms) = preSolution
		Debug|Any CPU = Debug|Any CPU
		Release|Any CPU = Release|Any CPU
	EndGlobalSection
	GlobalSection(ProjectConfigurationPlatforms) = postSolution
		{EDA4C135-1E4E-4856-8496-18A515FD8AF8}.Debug|Any CPU.ActiveCfg = Debug|Any CPU
		{EDA4C135-1E4E-4856-8496-18A515FD8AF8}.Debug|Any CPU.Build.0 = Debug|Any CPU
		{EDA4C135-1E4E-4856-8496-18A515FD8AF8}.Release|Any CPU.ActiveCfg = Release|Any CPU
		{EDA4C135-1E4E-4856-8496-18A515FD8AF8}.Release|Any CPU.Build.0 = Release|Any CPU
	EndGlobalSection
	GlobalSection(SolutionProperties) = preSolution
		HideSolutionNode = FALSE
	EndGlobalSection
	GlobalSection(ExtensibilityGlobals) = postSolution
		SolutionGuid = {2B21B2A6-0610-4685-9B24-7C2B507363C0}
	EndGlobalSection
EndGlobal
